// !$*UTF8*$!
{
	archiveVersion = 1;
	classes = {
	};
	objectVersion = 56;
	objects = {

/* Begin PBXBuildFile section */
		41EA8FCB298CC8420040F8CC /* AppDelegate.swift in Sources */ = {isa = PBXBuildFile; fileRef = 41EA8FCA298CC8420040F8CC /* AppDelegate.swift */; };
		41EA8FCD298CC8420040F8CC /* SceneDelegate.swift in Sources */ = {isa = PBXBuildFile; fileRef = 41EA8FCC298CC8420040F8CC /* SceneDelegate.swift */; };
		41EA8FCF298CC8420040F8CC /* ViewController.swift in Sources */ = {isa = PBXBuildFile; fileRef = 41EA8FCE298CC8420040F8CC /* ViewController.swift */; };
		41EA8FD2298CC8420040F8CC /* Main.storyboard in Resources */ = {isa = PBXBuildFile; fileRef = 41EA8FD0298CC8420040F8CC /* Main.storyboard */; };
		41EA8FD5298CC8420040F8CC /* UIComponents.xcdatamodeld in Sources */ = {isa = PBXBuildFile; fileRef = 41EA8FD3298CC8420040F8CC /* UIComponents.xcdatamodeld */; };
		41EA8FD7298CC8430040F8CC /* Assets.xcassets in Resources */ = {isa = PBXBuildFile; fileRef = 41EA8FD6298CC8430040F8CC /* Assets.xcassets */; };
		41EA8FDA298CC8430040F8CC /* LaunchScreen.storyboard in Resources */ = {isa = PBXBuildFile; fileRef = 41EA8FD8298CC8430040F8CC /* LaunchScreen.storyboard */; };
		41EA8FE5298CC8430040F8CC /* UIComponentsTests.swift in Sources */ = {isa = PBXBuildFile; fileRef = 41EA8FE4298CC8430040F8CC /* UIComponentsTests.swift */; };
		41EA8FEF298CC8430040F8CC /* UIComponentsUITests.swift in Sources */ = {isa = PBXBuildFile; fileRef = 41EA8FEE298CC8430040F8CC /* UIComponentsUITests.swift */; };
		41EA8FF1298CC8430040F8CC /* UIComponentsUITestsLaunchTests.swift in Sources */ = {isa = PBXBuildFile; fileRef = 41EA8FF0298CC8430040F8CC /* UIComponentsUITestsLaunchTests.swift */; };
		41EA8FFE298CD95B0040F8CC /* WebViewVC.swift in Sources */ = {isa = PBXBuildFile; fileRef = 41EA8FFD298CD95B0040F8CC /* WebViewVC.swift */; };
		41EA9000298CE1530040F8CC /* ImagePickerVc.swift in Sources */ = {isa = PBXBuildFile; fileRef = 41EA8FFF298CE1530040F8CC /* ImagePickerVc.swift */; };
/* End PBXBuildFile section */

/* Begin PBXContainerItemProxy section */
		41EA8FE1298CC8430040F8CC /* PBXContainerItemProxy */ = {
			isa = PBXContainerItemProxy;
			containerPortal = 41EA8FBF298CC8420040F8CC /* Project object */;
			proxyType = 1;
			remoteGlobalIDString = 41EA8FC6298CC8420040F8CC;
			remoteInfo = UIComponents;
		};
		41EA8FEB298CC8430040F8CC /* PBXContainerItemProxy */ = {
			isa = PBXContainerItemProxy;
			containerPortal = 41EA8FBF298CC8420040F8CC /* Project object */;
			proxyType = 1;
			remoteGlobalIDString = 41EA8FC6298CC8420040F8CC;
			remoteInfo = UIComponents;
		};
/* End PBXContainerItemProxy section */

/* Begin PBXFileReference section */
		41EA8FC7298CC8420040F8CC /* UIComponents.app */ = {isa = PBXFileReference; explicitFileType = wrapper.application; includeInIndex = 0; path = UIComponents.app; sourceTree = BUILT_PRODUCTS_DIR; };
		41EA8FCA298CC8420040F8CC /* AppDelegate.swift */ = {isa = PBXFileReference; lastKnownFileType = sourcecode.swift; path = AppDelegate.swift; sourceTree = "<group>"; };
		41EA8FCC298CC8420040F8CC /* SceneDelegate.swift */ = {isa = PBXFileReference; lastKnownFileType = sourcecode.swift; path = SceneDelegate.swift; sourceTree = "<group>"; };
		41EA8FCE298CC8420040F8CC /* ViewController.swift */ = {isa = PBXFileReference; lastKnownFileType = sourcecode.swift; path = ViewController.swift; sourceTree = "<group>"; };
		41EA8FD1298CC8420040F8CC /* Base */ = {isa = PBXFileReference; lastKnownFileType = file.storyboard; name = Base; path = Base.lproj/Main.storyboard; sourceTree = "<group>"; };
		41EA8FD4298CC8420040F8CC /* UIComponents.xcdatamodel */ = {isa = PBXFileReference; lastKnownFileType = wrapper.xcdatamodel; path = UIComponents.xcdatamodel; sourceTree = "<group>"; };
		41EA8FD6298CC8430040F8CC /* Assets.xcassets */ = {isa = PBXFileReference; lastKnownFileType = folder.assetcatalog; path = Assets.xcassets; sourceTree = "<group>"; };
		41EA8FD9298CC8430040F8CC /* Base */ = {isa = PBXFileReference; lastKnownFileType = file.storyboard; name = Base; path = Base.lproj/LaunchScreen.storyboard; sourceTree = "<group>"; };
		41EA8FDB298CC8430040F8CC /* Info.plist */ = {isa = PBXFileReference; lastKnownFileType = text.plist.xml; path = Info.plist; sourceTree = "<group>"; };
		41EA8FE0298CC8430040F8CC /* UIComponentsTests.xctest */ = {isa = PBXFileReference; explicitFileType = wrapper.cfbundle; includeInIndex = 0; path = UIComponentsTests.xctest; sourceTree = BUILT_PRODUCTS_DIR; };
		41EA8FE4298CC8430040F8CC /* UIComponentsTests.swift */ = {isa = PBXFileReference; lastKnownFileType = sourcecode.swift; path = UIComponentsTests.swift; sourceTree = "<group>"; };
		41EA8FEA298CC8430040F8CC /* UIComponentsUITests.xctest */ = {isa = PBXFileReference; explicitFileType = wrapper.cfbundle; includeInIndex = 0; path = UIComponentsUITests.xctest; sourceTree = BUILT_PRODUCTS_DIR; };
		41EA8FEE298CC8430040F8CC /* UIComponentsUITests.swift */ = {isa = PBXFileReference; lastKnownFileType = sourcecode.swift; path = UIComponentsUITests.swift; sourceTree = "<group>"; };
		41EA8FF0298CC8430040F8CC /* UIComponentsUITestsLaunchTests.swift */ = {isa = PBXFileReference; lastKnownFileType = sourcecode.swift; path = UIComponentsUITestsLaunchTests.swift; sourceTree = "<group>"; };
		41EA8FFD298CD95B0040F8CC /* WebViewVC.swift */ = {isa = PBXFileReference; lastKnownFileType = sourcecode.swift; path = WebViewVC.swift; sourceTree = "<group>"; };
		41EA8FFF298CE1530040F8CC /* ImagePickerVc.swift */ = {isa = PBXFileReference; lastKnownFileType = sourcecode.swift; path = ImagePickerVc.swift; sourceTree = "<group>"; };
/* End PBXFileReference section */

/* Begin PBXFrameworksBuildPhase section */
		41EA8FC4298CC8420040F8CC /* Frameworks */ = {
			isa = PBXFrameworksBuildPhase;
			buildActionMask = 2147483647;
			files = (
			);
			runOnlyForDeploymentPostprocessing = 0;
		};
		41EA8FDD298CC8430040F8CC /* Frameworks */ = {
			isa = PBXFrameworksBuildPhase;
			buildActionMask = 2147483647;
			files = (
			);
			runOnlyForDeploymentPostprocessing = 0;
		};
		41EA8FE7298CC8430040F8CC /* Frameworks */ = {
			isa = PBXFrameworksBuildPhase;
			buildActionMask = 2147483647;
			files = (
			);
			runOnlyForDeploymentPostprocessing = 0;
		};
/* End PBXFrameworksBuildPhase section */

/* Begin PBXGroup section */
		41EA8FBE298CC8420040F8CC = {
			isa = PBXGroup;
			children = (
				41EA8FC9298CC8420040F8CC /* UIComponents */,
				41EA8FE3298CC8430040F8CC /* UIComponentsTests */,
				41EA8FED298CC8430040F8CC /* UIComponentsUITests */,
				41EA8FC8298CC8420040F8CC /* Products */,
			);
			sourceTree = "<group>";
		};
		41EA8FC8298CC8420040F8CC /* Products */ = {
			isa = PBXGroup;
			children = (
				41EA8FC7298CC8420040F8CC /* UIComponents.app */,
				41EA8FE0298CC8430040F8CC /* UIComponentsTests.xctest */,
				41EA8FEA298CC8430040F8CC /* UIComponentsUITests.xctest */,
			);
			name = Products;
			sourceTree = "<group>";
		};
		41EA8FC9298CC8420040F8CC /* UIComponents */ = {
			isa = PBXGroup;
			children = (
				41EA8FCA298CC8420040F8CC /* AppDelegate.swift */,
				41EA8FCC298CC8420040F8CC /* SceneDelegate.swift */,
				41EA8FFD298CD95B0040F8CC /* WebViewVC.swift */,
				41EA8FCE298CC8420040F8CC /* ViewController.swift */,
				41EA8FD0298CC8420040F8CC /* Main.storyboard */,
				41EA8FFF298CE1530040F8CC /* ImagePickerVc.swift */,
				41EA8FD6298CC8430040F8CC /* Assets.xcassets */,
				41EA8FD8298CC8430040F8CC /* LaunchScreen.storyboard */,
				41EA8FDB298CC8430040F8CC /* Info.plist */,
				41EA8FD3298CC8420040F8CC /* UIComponents.xcdatamodeld */,
			);
			path = UIComponents;
			sourceTree = "<group>";
		};
		41EA8FE3298CC8430040F8CC /* UIComponentsTests */ = {
			isa = PBXGroup;
			children = (
				41EA8FE4298CC8430040F8CC /* UIComponentsTests.swift */,
			);
			path = UIComponentsTests;
			sourceTree = "<group>";
		};
		41EA8FED298CC8430040F8CC /* UIComponentsUITests */ = {
			isa = PBXGroup;
			children = (
				41EA8FEE298CC8430040F8CC /* UIComponentsUITests.swift */,
				41EA8FF0298CC8430040F8CC /* UIComponentsUITestsLaunchTests.swift */,
			);
			path = UIComponentsUITests;
			sourceTree = "<group>";
		};
/* End PBXGroup section */

/* Begin PBXNativeTarget section */
		41EA8FC6298CC8420040F8CC /* UIComponents */ = {
			isa = PBXNativeTarget;
			buildConfigurationList = 41EA8FF4298CC8430040F8CC /* Build configuration list for PBXNativeTarget "UIComponents" */;
			buildPhases = (
				41EA8FC3298CC8420040F8CC /* Sources */,
				41EA8FC4298CC8420040F8CC /* Frameworks */,
				41EA8FC5298CC8420040F8CC /* Resources */,
			);
			buildRules = (
			);
			dependencies = (
			);
			name = UIComponents;
			productName = UIComponents;
			productReference = 41EA8FC7298CC8420040F8CC /* UIComponents.app */;
			productType = "com.apple.product-type.application";
		};
		41EA8FDF298CC8430040F8CC /* UIComponentsTests */ = {
			isa = PBXNativeTarget;
			buildConfigurationList = 41EA8FF7298CC8430040F8CC /* Build configuration list for PBXNativeTarget "UIComponentsTests" */;
			buildPhases = (
				41EA8FDC298CC8430040F8CC /* Sources */,
				41EA8FDD298CC8430040F8CC /* Frameworks */,
				41EA8FDE298CC8430040F8CC /* Resources */,
			);
			buildRules = (
			);
			dependencies = (
				41EA8FE2298CC8430040F8CC /* PBXTargetDependency */,
			);
			name = UIComponentsTests;
			productName = UIComponentsTests;
			productReference = 41EA8FE0298CC8430040F8CC /* UIComponentsTests.xctest */;
			productType = "com.apple.product-type.bundle.unit-test";
		};
		41EA8FE9298CC8430040F8CC /* UIComponentsUITests */ = {
			isa = PBXNativeTarget;
			buildConfigurationList = 41EA8FFA298CC8430040F8CC /* Build configuration list for PBXNativeTarget "UIComponentsUITests" */;
			buildPhases = (
				41EA8FE6298CC8430040F8CC /* Sources */,
				41EA8FE7298CC8430040F8CC /* Frameworks */,
				41EA8FE8298CC8430040F8CC /* Resources */,
			);
			buildRules = (
			);
			dependencies = (
				41EA8FEC298CC8430040F8CC /* PBXTargetDependency */,
			);
			name = UIComponentsUITests;
			productName = UIComponentsUITests;
			productReference = 41EA8FEA298CC8430040F8CC /* UIComponentsUITests.xctest */;
			productType = "com.apple.product-type.bundle.ui-testing";
		};
/* End PBXNativeTarget section */

/* Begin PBXProject section */
		41EA8FBF298CC8420040F8CC /* Project object */ = {
			isa = PBXProject;
			attributes = {
				BuildIndependentTargetsInParallel = 1;
				LastSwiftUpdateCheck = 1420;
				LastUpgradeCheck = 1420;
				TargetAttributes = {
					41EA8FC6298CC8420040F8CC = {
						CreatedOnToolsVersion = 14.2;
					};
					41EA8FDF298CC8430040F8CC = {
						CreatedOnToolsVersion = 14.2;
						TestTargetID = 41EA8FC6298CC8420040F8CC;
					};
					41EA8FE9298CC8430040F8CC = {
						CreatedOnToolsVersion = 14.2;
						TestTargetID = 41EA8FC6298CC8420040F8CC;
					};
				};
			};
			buildConfigurationList = 41EA8FC2298CC8420040F8CC /* Build configuration list for PBXProject "UIComponents" */;
			compatibilityVersion = "Xcode 14.0";
			developmentRegion = en;
			hasScannedForEncodings = 0;
			knownRegions = (
				en,
				Base,
			);
			mainGroup = 41EA8FBE298CC8420040F8CC;
			productRefGroup = 41EA8FC8298CC8420040F8CC /* Products */;
			projectDirPath = "";
			projectRoot = "";
			targets = (
				41EA8FC6298CC8420040F8CC /* UIComponents */,
				41EA8FDF298CC8430040F8CC /* UIComponentsTests */,
				41EA8FE9298CC8430040F8CC /* UIComponentsUITests */,
			);
		};
/* End PBXProject section */

/* Begin PBXResourcesBuildPhase section */
		41EA8FC5298CC8420040F8CC /* Resources */ = {
			isa = PBXResourcesBuildPhase;
			buildActionMask = 2147483647;
			files = (
				41EA8FDA298CC8430040F8CC /* LaunchScreen.storyboard in Resources */,
				41EA8FD7298CC8430040F8CC /* Assets.xcassets in Resources */,
				41EA8FD2298CC8420040F8CC /* Main.storyboard in Resources */,
			);
			runOnlyForDeploymentPostprocessing = 0;
		};
		41EA8FDE298CC8430040F8CC /* Resources */ = {
			isa = PBXResourcesBuildPhase;
			buildActionMask = 2147483647;
			files = (
			);
			runOnlyForDeploymentPostprocessing = 0;
		};
		41EA8FE8298CC8430040F8CC /* Resources */ = {
			isa = PBXResourcesBuildPhase;
			buildActionMask = 2147483647;
			files = (
			);
			runOnlyForDeploymentPostprocessing = 0;
		};
/* End PBXResourcesBuildPhase section */

/* Begin PBXSourcesBuildPhase section */
		41EA8FC3298CC8420040F8CC /* Sources */ = {
			isa = PBXSourcesBuildPhase;
			buildActionMask = 2147483647;
			files = (
				41EA9000298CE1530040F8CC /* ImagePickerVc.swift in Sources */,
				41EA8FCF298CC8420040F8CC /* ViewController.swift in Sources */,
				41EA8FD5298CC8420040F8CC /* UIComponents.xcdatamodeld in Sources */,
				41EA8FFE298CD95B0040F8CC /* WebViewVC.swift in Sources */,
				41EA8FCB298CC8420040F8CC /* AppDelegate.swift in Sources */,
				41EA8FCD298CC8420040F8CC /* SceneDelegate.swift in Sources */,
			);
			runOnlyForDeploymentPostprocessing = 0;
		};
		41EA8FDC298CC8430040F8CC /* Sources */ = {
			isa = PBXSourcesBuildPhase;
			buildActionMask = 2147483647;
			files = (
				41EA8FE5298CC8430040F8CC /* UIComponentsTests.swift in Sources */,
			);
			runOnlyForDeploymentPostprocessing = 0;
		};
		41EA8FE6298CC8430040F8CC /* Sources */ = {
			isa = PBXSourcesBuildPhase;
			buildActionMask = 2147483647;
			files = (
				41EA8FF1298CC8430040F8CC /* UIComponentsUITestsLaunchTests.swift in Sources */,
				41EA8FEF298CC8430040F8CC /* UIComponentsUITests.swift in Sources */,
			);
			runOnlyForDeploymentPostprocessing = 0;
		};
/* End PBXSourcesBuildPhase section */

/* Begin PBXTargetDependency section */
		41EA8FE2298CC8430040F8CC /* PBXTargetDependency */ = {
			isa = PBXTargetDependency;
			target = 41EA8FC6298CC8420040F8CC /* UIComponents */;
			targetProxy = 41EA8FE1298CC8430040F8CC /* PBXContainerItemProxy */;
		};
		41EA8FEC298CC8430040F8CC /* PBXTargetDependency */ = {
			isa = PBXTargetDependency;
			target = 41EA8FC6298CC8420040F8CC /* UIComponents */;
			targetProxy = 41EA8FEB298CC8430040F8CC /* PBXContainerItemProxy */;
		};
/* End PBXTargetDependency section */

/* Begin PBXVariantGroup section */
		41EA8FD0298CC8420040F8CC /* Main.storyboard */ = {
			isa = PBXVariantGroup;
			children = (
				41EA8FD1298CC8420040F8CC /* Base */,
			);
			name = Main.storyboard;
			sourceTree = "<group>";
		};
		41EA8FD8298CC8430040F8CC /* LaunchScreen.storyboard */ = {
			isa = PBXVariantGroup;
			children = (
				41EA8FD9298CC8430040F8CC /* Base */,
			);
			name = LaunchScreen.storyboard;
			sourceTree = "<group>";
		};
/* End PBXVariantGroup section */

/* Begin XCBuildConfiguration section */
		41EA8FF2298CC8430040F8CC /* Debug */ = {
			isa = XCBuildConfiguration;
			buildSettings = {
				ALWAYS_SEARCH_USER_PATHS = NO;
				CLANG_ANALYZER_NONNULL = YES;
				CLANG_ANALYZER_NUMBER_OBJECT_CONVERSION = YES_AGGRESSIVE;
				CLANG_CXX_LANGUAGE_STANDARD = "gnu++20";
				CLANG_ENABLE_MODULES = YES;
				CLANG_ENABLE_OBJC_ARC = YES;
				CLANG_ENABLE_OBJC_WEAK = YES;
				CLANG_WARN_BLOCK_CAPTURE_AUTORELEASING = YES;
				CLANG_WARN_BOOL_CONVERSION = YES;
				CLANG_WARN_COMMA = YES;
				CLANG_WARN_CONSTANT_CONVERSION = YES;
				CLANG_WARN_DEPRECATED_OBJC_IMPLEMENTATIONS = YES;
				CLANG_WARN_DIRECT_OBJC_ISA_USAGE = YES_ERROR;
				CLANG_WARN_DOCUMENTATION_COMMENTS = YES;
				CLANG_WARN_EMPTY_BODY = YES;
				CLANG_WARN_ENUM_CONVERSION = YES;
				CLANG_WARN_INFINITE_RECURSION = YES;
				CLANG_WARN_INT_CONVERSION = YES;
				CLANG_WARN_NON_LITERAL_NULL_CONVERSION = YES;
				CLANG_WARN_OBJC_IMPLICIT_RETAIN_SELF = YES;
				CLANG_WARN_OBJC_LITERAL_CONVERSION = YES;
				CLANG_WARN_OBJC_ROOT_CLASS = YES_ERROR;
				CLANG_WARN_QUOTED_INCLUDE_IN_FRAMEWORK_HEADER = YES;
				CLANG_WARN_RANGE_LOOP_ANALYSIS = YES;
				CLANG_WARN_STRICT_PROTOTYPES = YES;
				CLANG_WARN_SUSPICIOUS_MOVE = YES;
				CLANG_WARN_UNGUARDED_AVAILABILITY = YES_AGGRESSIVE;
				CLANG_WARN_UNREACHABLE_CODE = YES;
				CLANG_WARN__DUPLICATE_METHOD_MATCH = YES;
				COPY_PHASE_STRIP = NO;
				DEBUG_INFORMATION_FORMAT = dwarf;
				ENABLE_STRICT_OBJC_MSGSEND = YES;
				ENABLE_TESTABILITY = YES;
				GCC_C_LANGUAGE_STANDARD = gnu11;
				GCC_DYNAMIC_NO_PIC = NO;
				GCC_NO_COMMON_BLOCKS = YES;
				GCC_OPTIMIZATION_LEVEL = 0;
				GCC_PREPROCESSOR_DEFINITIONS = (
					"DEBUG=1",
					"$(inherited)",
				);
				GCC_WARN_64_TO_32_BIT_CONVERSION = YES;
				GCC_WARN_ABOUT_RETURN_TYPE = YES_ERROR;
				GCC_WARN_UNDECLARED_SELECTOR = YES;
				GCC_WARN_UNINITIALIZED_AUTOS = YES_AGGRESSIVE;
				GCC_WARN_UNUSED_FUNCTION = YES;
				GCC_WARN_UNUSED_VARIABLE = YES;
				IPHONEOS_DEPLOYMENT_TARGET = 16.2;
				MTL_ENABLE_DEBUG_INFO = INCLUDE_SOURCE;
				MTL_FAST_MATH = YES;
				ONLY_ACTIVE_ARCH = YES;
				SDKROOT = iphoneos;
				SWIFT_ACTIVE_COMPILATION_CONDITIONS = DEBUG;
				SWIFT_OPTIMIZATION_LEVEL = "-Onone";
			};
			name = Debug;
		};
		41EA8FF3298CC8430040F8CC /* Release */ = {
			isa = XCBuildConfiguration;
			buildSettings = {
				ALWAYS_SEARCH_USER_PATHS = NO;
				CLANG_ANALYZER_NONNULL = YES;
				CLANG_ANALYZER_NUMBER_OBJECT_CONVERSION = YES_AGGRESSIVE;
				CLANG_CXX_LANGUAGE_STANDARD = "gnu++20";
				CLANG_ENABLE_MODULES = YES;
				CLANG_ENABLE_OBJC_ARC = YES;
				CLANG_ENABLE_OBJC_WEAK = YES;
				CLANG_WARN_BLOCK_CAPTURE_AUTORELEASING = YES;
				CLANG_WARN_BOOL_CONVERSION = YES;
				CLANG_WARN_COMMA = YES;
				CLANG_WARN_CONSTANT_CONVERSION = YES;
				CLANG_WARN_DEPRECATED_OBJC_IMPLEMENTATIONS = YES;
				CLANG_WARN_DIRECT_OBJC_ISA_USAGE = YES_ERROR;
				CLANG_WARN_DOCUMENTATION_COMMENTS = YES;
				CLANG_WARN_EMPTY_BODY = YES;
				CLANG_WARN_ENUM_CONVERSION = YES;
				CLANG_WARN_INFINITE_RECURSION = YES;
				CLANG_WARN_INT_CONVERSION = YES;
				CLANG_WARN_NON_LITERAL_NULL_CONVERSION = YES;
				CLANG_WARN_OBJC_IMPLICIT_RETAIN_SELF = YES;
				CLANG_WARN_OBJC_LITERAL_CONVERSION = YES;
				CLANG_WARN_OBJC_ROOT_CLASS = YES_ERROR;
				CLANG_WARN_QUOTED_INCLUDE_IN_FRAMEWORK_HEADER = YES;
				CLANG_WARN_RANGE_LOOP_ANALYSIS = YES;
				CLANG_WARN_STRICT_PROTOTYPES = YES;
				CLANG_WARN_SUSPICIOUS_MOVE = YES;
				CLANG_WARN_UNGUARDED_AVAILABILITY = YES_AGGRESSIVE;
				CLANG_WARN_UNREACHABLE_CODE = YES;
				CLANG_WARN__DUPLICATE_METHOD_MATCH = YES;
				COPY_PHASE_STRIP = NO;
				DEBUG_INFORMATION_FORMAT = "dwarf-with-dsym";
				ENABLE_NS_ASSERTIONS = NO;
				ENABLE_STRICT_OBJC_MSGSEND = YES;
				GCC_C_LANGUAGE_STANDARD = gnu11;
				GCC_NO_COMMON_BLOCKS = YES;
				GCC_WARN_64_TO_32_BIT_CONVERSION = YES;
				GCC_WARN_ABOUT_RETURN_TYPE = YES_ERROR;
				GCC_WARN_UNDECLARED_SELECTOR = YES;
				GCC_WARN_UNINITIALIZED_AUTOS = YES_AGGRESSIVE;
				GCC_WARN_UNUSED_FUNCTION = YES;
				GCC_WARN_UNUSED_VARIABLE = YES;
				IPHONEOS_DEPLOYMENT_TARGET = 16.2;
				MTL_ENABLE_DEBUG_INFO = NO;
				MTL_FAST_MATH = YES;
				SDKROOT = iphoneos;
				SWIFT_COMPILATION_MODE = wholemodule;
				SWIFT_OPTIMIZATION_LEVEL = "-O";
				VALIDATE_PRODUCT = YES;
			};
			name = Release;
		};
		41EA8FF5298CC8430040F8CC /* Debug */ = {
			isa = XCBuildConfiguration;
			buildSettings = {
				ASSETCATALOG_COMPILER_APPICON_NAME = AppIcon;
				ASSETCATALOG_COMPILER_GLOBAL_ACCENT_COLOR_NAME = AccentColor;
				CODE_SIGN_STYLE = Automatic;
				CURRENT_PROJECT_VERSION = 1;
				GENERATE_INFOPLIST_FILE = YES;
				INFOPLIST_FILE = UIComponents/Info.plist;
				INFOPLIST_KEY_UIApplicationSupportsIndirectInputEvents = YES;
				INFOPLIST_KEY_UILaunchStoryboardName = LaunchScreen;
				INFOPLIST_KEY_UIMainStoryboardFile = Main;
				INFOPLIST_KEY_UISupportedInterfaceOrientations_iPad = "UIInterfaceOrientationPortrait UIInterfaceOrientationPortraitUpsideDown UIInterfaceOrientationLandscapeLeft UIInterfaceOrientationLandscapeRight";
				INFOPLIST_KEY_UISupportedInterfaceOrientations_iPhone = "UIInterfaceOrientationPortrait UIInterfaceOrientationLandscapeLeft UIInterfaceOrientationLandscapeRight";
				LD_RUNPATH_SEARCH_PATHS = (
					"$(inherited)",
					"@executable_path/Frameworks",
				);
				MARKETING_VERSION = 1.0;
				PRODUCT_BUNDLE_IDENTIFIER = COM.DEMO.UIComponents;
				PRODUCT_NAME = "$(TARGET_NAME)";
				SWIFT_EMIT_LOC_STRINGS = YES;
				SWIFT_VERSION = 5.0;
				TARGETED_DEVICE_FAMILY = "1,2";
			};
			name = Debug;
		};
		41EA8FF6298CC8430040F8CC /* Release */ = {
			isa = XCBuildConfiguration;
			buildSettings = {
				ASSETCATALOG_COMPILER_APPICON_NAME = AppIcon;
				ASSETCATALOG_COMPILER_GLOBAL_ACCENT_COLOR_NAME = AccentColor;
				CODE_SIGN_STYLE = Automatic;
				CURRENT_PROJECT_VERSION = 1;
				GENERATE_INFOPLIST_FILE = YES;
				INFOPLIST_FILE = UIComponents/Info.plist;
				INFOPLIST_KEY_UIApplicationSupportsIndirectInputEvents = YES;
				INFOPLIST_KEY_UILaunchStoryboardName = LaunchScreen;
				INFOPLIST_KEY_UIMainStoryboardFile = Main;
				INFOPLIST_KEY_UISupportedInterfaceOrientations_iPad = "UIInterfaceOrientationPortrait UIInterfaceOrientationPortraitUpsideDown UIInterfaceOrientationLandscapeLeft UIInterfaceOrientationLandscapeRight";
				INFOPLIST_KEY_UISupportedInterfaceOrientations_iPhone = "UIInterfaceOrientationPortrait UIInterfaceOrientationLandscapeLeft UIInterfaceOrientationLandscapeRight";
				LD_RUNPATH_SEARCH_PATHS = (
					"$(inherited)",
					"@executable_path/Frameworks",
				);
				MARKETING_VERSION = 1.0;
				PRODUCT_BUNDLE_IDENTIFIER = COM.DEMO.UIComponents;
				PRODUCT_NAME = "$(TARGET_NAME)";
				SWIFT_EMIT_LOC_STRINGS = YES;
				SWIFT_VERSION = 5.0;
				TARGETED_DEVICE_FAMILY = "1,2";
			};
			name = Release;
		};
		41EA8FF8298CC8430040F8CC /* Debug */ = {
			isa = XCBuildConfiguration;
			buildSettings = {
				ALWAYS_EMBED_SWIFT_STANDARD_LIBRARIES = YES;
				BUNDLE_LOADER = "$(TEST_HOST)";
				CODE_SIGN_STYLE = Automatic;
				CURRENT_PROJECT_VERSION = 1;
				GENERATE_INFOPLIST_FILE = YES;
				IPHONEOS_DEPLOYMENT_TARGET = 16.2;
				MARKETING_VERSION = 1.0;
				PRODUCT_BUNDLE_IDENTIFIER = COM.DEMO.UIComponentsTests;
				PRODUCT_NAME = "$(TARGET_NAME)";
				SWIFT_EMIT_LOC_STRINGS = NO;
				SWIFT_VERSION = 5.0;
				TARGETED_DEVICE_FAMILY = "1,2";
				TEST_HOST = "$(BUILT_PRODUCTS_DIR)/UIComponents.app/$(BUNDLE_EXECUTABLE_FOLDER_PATH)/UIComponents";
			};
			name = Debug;
		};
		41EA8FF9298CC8430040F8CC /* Release */ = {
			isa = XCBuildConfiguration;
			buildSettings = {
				ALWAYS_EMBED_SWIFT_STANDARD_LIBRARIES = YES;
				BUNDLE_LOADER = "$(TEST_HOST)";
				CODE_SIGN_STYLE = Automatic;
				CURRENT_PROJECT_VERSION = 1;
				GENERATE_INFOPLIST_FILE = YES;
				IPHONEOS_DEPLOYMENT_TARGET = 16.2;
				MARKETING_VERSION = 1.0;
				PRODUCT_BUNDLE_IDENTIFIER = COM.DEMO.UIComponentsTests;
				PRODUCT_NAME = "$(TARGET_NAME)";
				SWIFT_EMIT_LOC_STRINGS = NO;
				SWIFT_VERSION = 5.0;
				TARGETED_DEVICE_FAMILY = "1,2";
				TEST_HOST = "$(BUILT_PRODUCTS_DIR)/UIComponents.app/$(BUNDLE_EXECUTABLE_FOLDER_PATH)/UIComponents";
			};
			name = Release;
		};
		41EA8FFB298CC8430040F8CC /* Debug */ = {
			isa = XCBuildConfiguration;
			buildSettings = {
				ALWAYS_EMBED_SWIFT_STANDARD_LIBRARIES = YES;
				CODE_SIGN_STYLE = Automatic;
				CURRENT_PROJECT_VERSION = 1;
				GENERATE_INFOPLIST_FILE = YES;
				MARKETING_VERSION = 1.0;
				PRODUCT_BUNDLE_IDENTIFIER = COM.DEMO.UIComponentsUITests;
				PRODUCT_NAME = "$(TARGET_NAME)";
				SWIFT_EMIT_LOC_STRINGS = NO;
				SWIFT_VERSION = 5.0;
				TARGETED_DEVICE_FAMILY = "1,2";
				TEST_TARGET_NAME = UIComponents;
			};
			name = Debug;
		};
		41EA8FFC298CC8430040F8CC /* Release */ = {
			isa = XCBuildConfiguration;
			buildSettings = {
				ALWAYS_EMBED_SWIFT_STANDARD_LIBRARIES = YES;
				CODE_SIGN_STYLE = Automatic;
				CURRENT_PROJECT_VERSION = 1;
				GENERATE_INFOPLIST_FILE = YES;
				MARKETING_VERSION = 1.0;
				PRODUCT_BUNDLE_IDENTIFIER = COM.DEMO.UIComponentsUITests;
				PRODUCT_NAME = "$(TARGET_NAME)";
				SWIFT_EMIT_LOC_STRINGS = NO;
				SWIFT_VERSION = 5.0;
				TARGETED_DEVICE_FAMILY = "1,2";
				TEST_TARGET_NAME = UIComponents;
			};
			name = Release;
		};
/* End XCBuildConfiguration section */

/* Begin XCConfigurationList section */
		41EA8FC2298CC8420040F8CC /* Build configuration list for PBXProject "UIComponents" */ = {
			isa = XCConfigurationList;
			buildConfigurations = (
				41EA8FF2298CC8430040F8CC /* Debug */,
				41EA8FF3298CC8430040F8CC /* Release */,
			);
			defaultConfigurationIsVisible = 0;
			defaultConfigurationName = Release;
		};
		41EA8FF4298CC8430040F8CC /* Build configuration list for PBXNativeTarget "UIComponents" */ = {
			isa = XCConfigurationList;
			buildConfigurations = (
				41EA8FF5298CC8430040F8CC /* Debug */,
				41EA8FF6298CC8430040F8CC /* Release */,
			);
			defaultConfigurationIsVisible = 0;
			defaultConfigurationName = Release;
		};
		41EA8FF7298CC8430040F8CC /* Build configuration list for PBXNativeTarget "UIComponentsTests" */ = {
			isa = XCConfigurationList;
			buildConfigurations = (
				41EA8FF8298CC8430040F8CC /* Debug */,
				41EA8FF9298CC8430040F8CC /* Release */,
			);
			defaultConfigurationIsVisible = 0;
			defaultConfigurationName = Release;
		};
		41EA8FFA298CC8430040F8CC /* Build configuration list for PBXNativeTarget "UIComponentsUITests" */ = {
			isa = XCConfigurationList;
			buildConfigurations = (
				41EA8FFB298CC8430040F8CC /* Debug */,
				41EA8FFC298CC8430040F8CC /* Release */,
			);
			defaultConfigurationIsVisible = 0;
			defaultConfigurationName = Release;
		};
/* End XCConfigurationList section */

/* Begin XCVersionGroup section */
		41EA8FD3298CC8420040F8CC /* UIComponents.xcdatamodeld */ = {
			isa = XCVersionGroup;
			children = (
				41EA8FD4298CC8420040F8CC /* UIComponents.xcdatamodel */,
			);
			currentVersion = 41EA8FD4298CC8420040F8CC /* UIComponents.xcdatamodel */;
			path = UIComponents.xcdatamodeld;
			sourceTree = "<group>";
			versionGroupType = wrapper.xcdatamodel;
		};
/* End XCVersionGroup section */
	};
	rootObject = 41EA8FBF298CC8420040F8CC /* Project object */;
}
