// !$*UTF8*$!
{
	archiveVersion = 1;
	classes = {
	};
	objectVersion = 56;
	objects = {

/* Begin PBXBuildFile section */
		414D26B9298111B300A3FB4A /* CustomSlide.swift in Sources */ = {isa = PBXBuildFile; fileRef = 414D26B8298111B300A3FB4A /* CustomSlide.swift */; };
		414D26BB2981184A00A3FB4A /* switch.swift in Sources */ = {isa = PBXBuildFile; fileRef = 414D26BA2981184A00A3FB4A /* switch.swift */; };
		414D26BD298137D700A3FB4A /* ViewController1.swift in Sources */ = {isa = PBXBuildFile; fileRef = 414D26BC298137D700A3FB4A /* ViewController1.swift */; };
		41BE7B88297FBE8C00CA3448 /* AppDelegate.swift in Sources */ = {isa = PBXBuildFile; fileRef = 41BE7B87297FBE8C00CA3448 /* AppDelegate.swift */; };
		41BE7B8A297FBE8C00CA3448 /* SceneDelegate.swift in Sources */ = {isa = PBXBuildFile; fileRef = 41BE7B89297FBE8C00CA3448 /* SceneDelegate.swift */; };
		41BE7B8C297FBE8C00CA3448 /* ViewController.swift in Sources */ = {isa = PBXBuildFile; fileRef = 41BE7B8B297FBE8C00CA3448 /* ViewController.swift */; };
		41BE7B8F297FBE8C00CA3448 /* Main.storyboard in Resources */ = {isa = PBXBuildFile; fileRef = 41BE7B8D297FBE8C00CA3448 /* Main.storyboard */; };
		41BE7B92297FBE8C00CA3448 /* CustomDesign.xcdatamodeld in Sources */ = {isa = PBXBuildFile; fileRef = 41BE7B90297FBE8C00CA3448 /* CustomDesign.xcdatamodeld */; };
		41BE7B94297FBE8D00CA3448 /* Assets.xcassets in Resources */ = {isa = PBXBuildFile; fileRef = 41BE7B93297FBE8D00CA3448 /* Assets.xcassets */; };
		41BE7B97297FBE8D00CA3448 /* LaunchScreen.storyboard in Resources */ = {isa = PBXBuildFile; fileRef = 41BE7B95297FBE8D00CA3448 /* LaunchScreen.storyboard */; };
		41BE7BA2297FBE8D00CA3448 /* CustomDesignTests.swift in Sources */ = {isa = PBXBuildFile; fileRef = 41BE7BA1297FBE8D00CA3448 /* CustomDesignTests.swift */; };
		41BE7BAC297FBE8D00CA3448 /* CustomDesignUITests.swift in Sources */ = {isa = PBXBuildFile; fileRef = 41BE7BAB297FBE8D00CA3448 /* CustomDesignUITests.swift */; };
		41BE7BAE297FBE8D00CA3448 /* CustomDesignUITestsLaunchTests.swift in Sources */ = {isa = PBXBuildFile; fileRef = 41BE7BAD297FBE8D00CA3448 /* CustomDesignUITestsLaunchTests.swift */; };
		41BE7BBB297FBF2300CA3448 /* CustomButton.swift in Sources */ = {isa = PBXBuildFile; fileRef = 41BE7BBA297FBF2300CA3448 /* CustomButton.swift */; };
		41BE7BBD297FC9E100CA3448 /* CustomLable.swift in Sources */ = {isa = PBXBuildFile; fileRef = 41BE7BBC297FC9E100CA3448 /* CustomLable.swift */; };
/* End PBXBuildFile section */

/* Begin PBXContainerItemProxy section */
		41BE7B9E297FBE8D00CA3448 /* PBXContainerItemProxy */ = {
			isa = PBXContainerItemProxy;
			containerPortal = 41BE7B7C297FBE8C00CA3448 /* Project object */;
			proxyType = 1;
			remoteGlobalIDString = 41BE7B83297FBE8C00CA3448;
			remoteInfo = CustomDesign;
		};
		41BE7BA8297FBE8D00CA3448 /* PBXContainerItemProxy */ = {
			isa = PBXContainerItemProxy;
			containerPortal = 41BE7B7C297FBE8C00CA3448 /* Project object */;
			proxyType = 1;
			remoteGlobalIDString = 41BE7B83297FBE8C00CA3448;
			remoteInfo = CustomDesign;
		};
/* End PBXContainerItemProxy section */

/* Begin PBXFileReference section */
		414D26B8298111B300A3FB4A /* CustomSlide.swift */ = {isa = PBXFileReference; lastKnownFileType = sourcecode.swift; path = CustomSlide.swift; sourceTree = "<group>"; };
		414D26BA2981184A00A3FB4A /* switch.swift */ = {isa = PBXFileReference; lastKnownFileType = sourcecode.swift; path = switch.swift; sourceTree = "<group>"; };
		414D26BC298137D700A3FB4A /* ViewController1.swift */ = {isa = PBXFileReference; lastKnownFileType = sourcecode.swift; path = ViewController1.swift; sourceTree = "<group>"; };
		41BE7B84297FBE8C00CA3448 /* CustomDesign.app */ = {isa = PBXFileReference; explicitFileType = wrapper.application; includeInIndex = 0; path = CustomDesign.app; sourceTree = BUILT_PRODUCTS_DIR; };
		41BE7B87297FBE8C00CA3448 /* AppDelegate.swift */ = {isa = PBXFileReference; lastKnownFileType = sourcecode.swift; path = AppDelegate.swift; sourceTree = "<group>"; };
		41BE7B89297FBE8C00CA3448 /* SceneDelegate.swift */ = {isa = PBXFileReference; lastKnownFileType = sourcecode.swift; path = SceneDelegate.swift; sourceTree = "<group>"; };
		41BE7B8B297FBE8C00CA3448 /* ViewController.swift */ = {isa = PBXFileReference; lastKnownFileType = sourcecode.swift; path = ViewController.swift; sourceTree = "<group>"; };
		41BE7B8E297FBE8C00CA3448 /* Base */ = {isa = PBXFileReference; lastKnownFileType = file.storyboard; name = Base; path = Base.lproj/Main.storyboard; sourceTree = "<group>"; };
		41BE7B91297FBE8C00CA3448 /* CustomDesign.xcdatamodel */ = {isa = PBXFileReference; lastKnownFileType = wrapper.xcdatamodel; path = CustomDesign.xcdatamodel; sourceTree = "<group>"; };
		41BE7B93297FBE8D00CA3448 /* Assets.xcassets */ = {isa = PBXFileReference; lastKnownFileType = folder.assetcatalog; path = Assets.xcassets; sourceTree = "<group>"; };
		41BE7B96297FBE8D00CA3448 /* Base */ = {isa = PBXFileReference; lastKnownFileType = file.storyboard; name = Base; path = Base.lproj/LaunchScreen.storyboard; sourceTree = "<group>"; };
		41BE7B98297FBE8D00CA3448 /* Info.plist */ = {isa = PBXFileReference; lastKnownFileType = text.plist.xml; path = Info.plist; sourceTree = "<group>"; };
		41BE7B9D297FBE8D00CA3448 /* CustomDesignTests.xctest */ = {isa = PBXFileReference; explicitFileType = wrapper.cfbundle; includeInIndex = 0; path = CustomDesignTests.xctest; sourceTree = BUILT_PRODUCTS_DIR; };
		41BE7BA1297FBE8D00CA3448 /* CustomDesignTests.swift */ = {isa = PBXFileReference; lastKnownFileType = sourcecode.swift; path = CustomDesignTests.swift; sourceTree = "<group>"; };
		41BE7BA7297FBE8D00CA3448 /* CustomDesignUITests.xctest */ = {isa = PBXFileReference; explicitFileType = wrapper.cfbundle; includeInIndex = 0; path = CustomDesignUITests.xctest; sourceTree = BUILT_PRODUCTS_DIR; };
		41BE7BAB297FBE8D00CA3448 /* CustomDesignUITests.swift */ = {isa = PBXFileReference; lastKnownFileType = sourcecode.swift; path = CustomDesignUITests.swift; sourceTree = "<group>"; };
		41BE7BAD297FBE8D00CA3448 /* CustomDesignUITestsLaunchTests.swift */ = {isa = PBXFileReference; lastKnownFileType = sourcecode.swift; path = CustomDesignUITestsLaunchTests.swift; sourceTree = "<group>"; };
		41BE7BBA297FBF2300CA3448 /* CustomButton.swift */ = {isa = PBXFileReference; lastKnownFileType = sourcecode.swift; path = CustomButton.swift; sourceTree = "<group>"; };
		41BE7BBC297FC9E100CA3448 /* CustomLable.swift */ = {isa = PBXFileReference; lastKnownFileType = sourcecode.swift; path = CustomLable.swift; sourceTree = "<group>"; };
/* End PBXFileReference section */

/* Begin PBXFrameworksBuildPhase section */
		41BE7B81297FBE8C00CA3448 /* Frameworks */ = {
			isa = PBXFrameworksBuildPhase;
			buildActionMask = 2147483647;
			files = (
			);
			runOnlyForDeploymentPostprocessing = 0;
		};
		41BE7B9A297FBE8D00CA3448 /* Frameworks */ = {
			isa = PBXFrameworksBuildPhase;
			buildActionMask = 2147483647;
			files = (
			);
			runOnlyForDeploymentPostprocessing = 0;
		};
		41BE7BA4297FBE8D00CA3448 /* Frameworks */ = {
			isa = PBXFrameworksBuildPhase;
			buildActionMask = 2147483647;
			files = (
			);
			runOnlyForDeploymentPostprocessing = 0;
		};
/* End PBXFrameworksBuildPhase section */

/* Begin PBXGroup section */
		41BE7B7B297FBE8C00CA3448 = {
			isa = PBXGroup;
			children = (
				41BE7B86297FBE8C00CA3448 /* CustomDesign */,
				41BE7BA0297FBE8D00CA3448 /* CustomDesignTests */,
				41BE7BAA297FBE8D00CA3448 /* CustomDesignUITests */,
				41BE7B85297FBE8C00CA3448 /* Products */,
			);
			sourceTree = "<group>";
		};
		41BE7B85297FBE8C00CA3448 /* Products */ = {
			isa = PBXGroup;
			children = (
				41BE7B84297FBE8C00CA3448 /* CustomDesign.app */,
				41BE7B9D297FBE8D00CA3448 /* CustomDesignTests.xctest */,
				41BE7BA7297FBE8D00CA3448 /* CustomDesignUITests.xctest */,
			);
			name = Products;
			sourceTree = "<group>";
		};
		41BE7B86297FBE8C00CA3448 /* CustomDesign */ = {
			isa = PBXGroup;
			children = (
				414D26B8298111B300A3FB4A /* CustomSlide.swift */,
				41BE7B87297FBE8C00CA3448 /* AppDelegate.swift */,
				41BE7B89297FBE8C00CA3448 /* SceneDelegate.swift */,
				41BE7B8B297FBE8C00CA3448 /* ViewController.swift */,
				414D26BA2981184A00A3FB4A /* switch.swift */,
				41BE7B8D297FBE8C00CA3448 /* Main.storyboard */,
				414D26BC298137D700A3FB4A /* ViewController1.swift */,
				41BE7BBA297FBF2300CA3448 /* CustomButton.swift */,
				41BE7BBC297FC9E100CA3448 /* CustomLable.swift */,
				41BE7B93297FBE8D00CA3448 /* Assets.xcassets */,
				41BE7B95297FBE8D00CA3448 /* LaunchScreen.storyboard */,
				41BE7B98297FBE8D00CA3448 /* Info.plist */,
				41BE7B90297FBE8C00CA3448 /* CustomDesign.xcdatamodeld */,
			);
			path = CustomDesign;
			sourceTree = "<group>";
		};
		41BE7BA0297FBE8D00CA3448 /* CustomDesignTests */ = {
			isa = PBXGroup;
			children = (
				41BE7BA1297FBE8D00CA3448 /* CustomDesignTests.swift */,
			);
			path = CustomDesignTests;
			sourceTree = "<group>";
		};
		41BE7BAA297FBE8D00CA3448 /* CustomDesignUITests */ = {
			isa = PBXGroup;
			children = (
				41BE7BAB297FBE8D00CA3448 /* CustomDesignUITests.swift */,
				41BE7BAD297FBE8D00CA3448 /* CustomDesignUITestsLaunchTests.swift */,
			);
			path = CustomDesignUITests;
			sourceTree = "<group>";
		};
/* End PBXGroup section */

/* Begin PBXNativeTarget section */
		41BE7B83297FBE8C00CA3448 /* CustomDesign */ = {
			isa = PBXNativeTarget;
			buildConfigurationList = 41BE7BB1297FBE8D00CA3448 /* Build configuration list for PBXNativeTarget "CustomDesign" */;
			buildPhases = (
				41BE7B80297FBE8C00CA3448 /* Sources */,
				41BE7B81297FBE8C00CA3448 /* Frameworks */,
				41BE7B82297FBE8C00CA3448 /* Resources */,
			);
			buildRules = (
			);
			dependencies = (
			);
			name = CustomDesign;
			productName = CustomDesign;
			productReference = 41BE7B84297FBE8C00CA3448 /* CustomDesign.app */;
			productType = "com.apple.product-type.application";
		};
		41BE7B9C297FBE8D00CA3448 /* CustomDesignTests */ = {
			isa = PBXNativeTarget;
			buildConfigurationList = 41BE7BB4297FBE8D00CA3448 /* Build configuration list for PBXNativeTarget "CustomDesignTests" */;
			buildPhases = (
				41BE7B99297FBE8D00CA3448 /* Sources */,
				41BE7B9A297FBE8D00CA3448 /* Frameworks */,
				41BE7B9B297FBE8D00CA3448 /* Resources */,
			);
			buildRules = (
			);
			dependencies = (
				41BE7B9F297FBE8D00CA3448 /* PBXTargetDependency */,
			);
			name = CustomDesignTests;
			productName = CustomDesignTests;
			productReference = 41BE7B9D297FBE8D00CA3448 /* CustomDesignTests.xctest */;
			productType = "com.apple.product-type.bundle.unit-test";
		};
		41BE7BA6297FBE8D00CA3448 /* CustomDesignUITests */ = {
			isa = PBXNativeTarget;
			buildConfigurationList = 41BE7BB7297FBE8D00CA3448 /* Build configuration list for PBXNativeTarget "CustomDesignUITests" */;
			buildPhases = (
				41BE7BA3297FBE8D00CA3448 /* Sources */,
				41BE7BA4297FBE8D00CA3448 /* Frameworks */,
				41BE7BA5297FBE8D00CA3448 /* Resources */,
			);
			buildRules = (
			);
			dependencies = (
				41BE7BA9297FBE8D00CA3448 /* PBXTargetDependency */,
			);
			name = CustomDesignUITests;
			productName = CustomDesignUITests;
			productReference = 41BE7BA7297FBE8D00CA3448 /* CustomDesignUITests.xctest */;
			productType = "com.apple.product-type.bundle.ui-testing";
		};
/* End PBXNativeTarget section */

/* Begin PBXProject section */
		41BE7B7C297FBE8C00CA3448 /* Project object */ = {
			isa = PBXProject;
			attributes = {
				BuildIndependentTargetsInParallel = 1;
				LastSwiftUpdateCheck = 1420;
				LastUpgradeCheck = 1420;
				TargetAttributes = {
					41BE7B83297FBE8C00CA3448 = {
						CreatedOnToolsVersion = 14.2;
					};
					41BE7B9C297FBE8D00CA3448 = {
						CreatedOnToolsVersion = 14.2;
						TestTargetID = 41BE7B83297FBE8C00CA3448;
					};
					41BE7BA6297FBE8D00CA3448 = {
						CreatedOnToolsVersion = 14.2;
						TestTargetID = 41BE7B83297FBE8C00CA3448;
					};
				};
			};
			buildConfigurationList = 41BE7B7F297FBE8C00CA3448 /* Build configuration list for PBXProject "CustomDesign" */;
			compatibilityVersion = "Xcode 14.0";
			developmentRegion = en;
			hasScannedForEncodings = 0;
			knownRegions = (
				en,
				Base,
			);
			mainGroup = 41BE7B7B297FBE8C00CA3448;
			productRefGroup = 41BE7B85297FBE8C00CA3448 /* Products */;
			projectDirPath = "";
			projectRoot = "";
			targets = (
				41BE7B83297FBE8C00CA3448 /* CustomDesign */,
				41BE7B9C297FBE8D00CA3448 /* CustomDesignTests */,
				41BE7BA6297FBE8D00CA3448 /* CustomDesignUITests */,
			);
		};
/* End PBXProject section */

/* Begin PBXResourcesBuildPhase section */
		41BE7B82297FBE8C00CA3448 /* Resources */ = {
			isa = PBXResourcesBuildPhase;
			buildActionMask = 2147483647;
			files = (
				41BE7B97297FBE8D00CA3448 /* LaunchScreen.storyboard in Resources */,
				41BE7B94297FBE8D00CA3448 /* Assets.xcassets in Resources */,
				41BE7B8F297FBE8C00CA3448 /* Main.storyboard in Resources */,
			);
			runOnlyForDeploymentPostprocessing = 0;
		};
		41BE7B9B297FBE8D00CA3448 /* Resources */ = {
			isa = PBXResourcesBuildPhase;
			buildActionMask = 2147483647;
			files = (
			);
			runOnlyForDeploymentPostprocessing = 0;
		};
		41BE7BA5297FBE8D00CA3448 /* Resources */ = {
			isa = PBXResourcesBuildPhase;
			buildActionMask = 2147483647;
			files = (
			);
			runOnlyForDeploymentPostprocessing = 0;
		};
/* End PBXResourcesBuildPhase section */

/* Begin PBXSourcesBuildPhase section */
		41BE7B80297FBE8C00CA3448 /* Sources */ = {
			isa = PBXSourcesBuildPhase;
			buildActionMask = 2147483647;
			files = (
				414D26BD298137D700A3FB4A /* ViewController1.swift in Sources */,
				41BE7B8C297FBE8C00CA3448 /* ViewController.swift in Sources */,
				414D26BB2981184A00A3FB4A /* switch.swift in Sources */,
				41BE7BBD297FC9E100CA3448 /* CustomLable.swift in Sources */,
				41BE7B88297FBE8C00CA3448 /* AppDelegate.swift in Sources */,
				41BE7B92297FBE8C00CA3448 /* CustomDesign.xcdatamodeld in Sources */,
				414D26B9298111B300A3FB4A /* CustomSlide.swift in Sources */,
				41BE7B8A297FBE8C00CA3448 /* SceneDelegate.swift in Sources */,
				41BE7BBB297FBF2300CA3448 /* CustomButton.swift in Sources */,
			);
			runOnlyForDeploymentPostprocessing = 0;
		};
		41BE7B99297FBE8D00CA3448 /* Sources */ = {
			isa = PBXSourcesBuildPhase;
			buildActionMask = 2147483647;
			files = (
				41BE7BA2297FBE8D00CA3448 /* CustomDesignTests.swift in Sources */,
			);
			runOnlyForDeploymentPostprocessing = 0;
		};
		41BE7BA3297FBE8D00CA3448 /* Sources */ = {
			isa = PBXSourcesBuildPhase;
			buildActionMask = 2147483647;
			files = (
				41BE7BAC297FBE8D00CA3448 /* CustomDesignUITests.swift in Sources */,
				41BE7BAE297FBE8D00CA3448 /* CustomDesignUITestsLaunchTests.swift in Sources */,
			);
			runOnlyForDeploymentPostprocessing = 0;
		};
/* End PBXSourcesBuildPhase section */

/* Begin PBXTargetDependency section */
		41BE7B9F297FBE8D00CA3448 /* PBXTargetDependency */ = {
			isa = PBXTargetDependency;
			target = 41BE7B83297FBE8C00CA3448 /* CustomDesign */;
			targetProxy = 41BE7B9E297FBE8D00CA3448 /* PBXContainerItemProxy */;
		};
		41BE7BA9297FBE8D00CA3448 /* PBXTargetDependency */ = {
			isa = PBXTargetDependency;
			target = 41BE7B83297FBE8C00CA3448 /* CustomDesign */;
			targetProxy = 41BE7BA8297FBE8D00CA3448 /* PBXContainerItemProxy */;
		};
/* End PBXTargetDependency section */

/* Begin PBXVariantGroup section */
		41BE7B8D297FBE8C00CA3448 /* Main.storyboard */ = {
			isa = PBXVariantGroup;
			children = (
				41BE7B8E297FBE8C00CA3448 /* Base */,
			);
			name = Main.storyboard;
			sourceTree = "<group>";
		};
		41BE7B95297FBE8D00CA3448 /* LaunchScreen.storyboard */ = {
			isa = PBXVariantGroup;
			children = (
				41BE7B96297FBE8D00CA3448 /* Base */,
			);
			name = LaunchScreen.storyboard;
			sourceTree = "<group>";
		};
/* End PBXVariantGroup section */

/* Begin XCBuildConfiguration section */
		41BE7BAF297FBE8D00CA3448 /* Debug */ = {
			isa = XCBuildConfiguration;
			buildSettings = {
				ALWAYS_SEARCH_USER_PATHS = NO;
				CLANG_ANALYZER_NONNULL = YES;
				CLANG_ANALYZER_NUMBER_OBJECT_CONVERSION = YES_AGGRESSIVE;
				CLANG_CXX_LANGUAGE_STANDARD = "gnu++20";
				CLANG_ENABLE_MODULES = YES;
				CLANG_ENABLE_OBJC_ARC = YES;
				CLANG_ENABLE_OBJC_WEAK = YES;
				CLANG_WARN_BLOCK_CAPTURE_AUTORELEASING = YES;
				CLANG_WARN_BOOL_CONVERSION = YES;
				CLANG_WARN_COMMA = YES;
				CLANG_WARN_CONSTANT_CONVERSION = YES;
				CLANG_WARN_DEPRECATED_OBJC_IMPLEMENTATIONS = YES;
				CLANG_WARN_DIRECT_OBJC_ISA_USAGE = YES_ERROR;
				CLANG_WARN_DOCUMENTATION_COMMENTS = YES;
				CLANG_WARN_EMPTY_BODY = YES;
				CLANG_WARN_ENUM_CONVERSION = YES;
				CLANG_WARN_INFINITE_RECURSION = YES;
				CLANG_WARN_INT_CONVERSION = YES;
				CLANG_WARN_NON_LITERAL_NULL_CONVERSION = YES;
				CLANG_WARN_OBJC_IMPLICIT_RETAIN_SELF = YES;
				CLANG_WARN_OBJC_LITERAL_CONVERSION = YES;
				CLANG_WARN_OBJC_ROOT_CLASS = YES_ERROR;
				CLANG_WARN_QUOTED_INCLUDE_IN_FRAMEWORK_HEADER = YES;
				CLANG_WARN_RANGE_LOOP_ANALYSIS = YES;
				CLANG_WARN_STRICT_PROTOTYPES = YES;
				CLANG_WARN_SUSPICIOUS_MOVE = YES;
				CLANG_WARN_UNGUARDED_AVAILABILITY = YES_AGGRESSIVE;
				CLANG_WARN_UNREACHABLE_CODE = YES;
				CLANG_WARN__DUPLICATE_METHOD_MATCH = YES;
				COPY_PHASE_STRIP = NO;
				DEBUG_INFORMATION_FORMAT = dwarf;
				ENABLE_STRICT_OBJC_MSGSEND = YES;
				ENABLE_TESTABILITY = YES;
				GCC_C_LANGUAGE_STANDARD = gnu11;
				GCC_DYNAMIC_NO_PIC = NO;
				GCC_NO_COMMON_BLOCKS = YES;
				GCC_OPTIMIZATION_LEVEL = 0;
				GCC_PREPROCESSOR_DEFINITIONS = (
					"DEBUG=1",
					"$(inherited)",
				);
				GCC_WARN_64_TO_32_BIT_CONVERSION = YES;
				GCC_WARN_ABOUT_RETURN_TYPE = YES_ERROR;
				GCC_WARN_UNDECLARED_SELECTOR = YES;
				GCC_WARN_UNINITIALIZED_AUTOS = YES_AGGRESSIVE;
				GCC_WARN_UNUSED_FUNCTION = YES;
				GCC_WARN_UNUSED_VARIABLE = YES;
				IPHONEOS_DEPLOYMENT_TARGET = 16.2;
				MTL_ENABLE_DEBUG_INFO = INCLUDE_SOURCE;
				MTL_FAST_MATH = YES;
				ONLY_ACTIVE_ARCH = YES;
				SDKROOT = iphoneos;
				SWIFT_ACTIVE_COMPILATION_CONDITIONS = DEBUG;
				SWIFT_OPTIMIZATION_LEVEL = "-Onone";
			};
			name = Debug;
		};
		41BE7BB0297FBE8D00CA3448 /* Release */ = {
			isa = XCBuildConfiguration;
			buildSettings = {
				ALWAYS_SEARCH_USER_PATHS = NO;
				CLANG_ANALYZER_NONNULL = YES;
				CLANG_ANALYZER_NUMBER_OBJECT_CONVERSION = YES_AGGRESSIVE;
				CLANG_CXX_LANGUAGE_STANDARD = "gnu++20";
				CLANG_ENABLE_MODULES = YES;
				CLANG_ENABLE_OBJC_ARC = YES;
				CLANG_ENABLE_OBJC_WEAK = YES;
				CLANG_WARN_BLOCK_CAPTURE_AUTORELEASING = YES;
				CLANG_WARN_BOOL_CONVERSION = YES;
				CLANG_WARN_COMMA = YES;
				CLANG_WARN_CONSTANT_CONVERSION = YES;
				CLANG_WARN_DEPRECATED_OBJC_IMPLEMENTATIONS = YES;
				CLANG_WARN_DIRECT_OBJC_ISA_USAGE = YES_ERROR;
				CLANG_WARN_DOCUMENTATION_COMMENTS = YES;
				CLANG_WARN_EMPTY_BODY = YES;
				CLANG_WARN_ENUM_CONVERSION = YES;
				CLANG_WARN_INFINITE_RECURSION = YES;
				CLANG_WARN_INT_CONVERSION = YES;
				CLANG_WARN_NON_LITERAL_NULL_CONVERSION = YES;
				CLANG_WARN_OBJC_IMPLICIT_RETAIN_SELF = YES;
				CLANG_WARN_OBJC_LITERAL_CONVERSION = YES;
				CLANG_WARN_OBJC_ROOT_CLASS = YES_ERROR;
				CLANG_WARN_QUOTED_INCLUDE_IN_FRAMEWORK_HEADER = YES;
				CLANG_WARN_RANGE_LOOP_ANALYSIS = YES;
				CLANG_WARN_STRICT_PROTOTYPES = YES;
				CLANG_WARN_SUSPICIOUS_MOVE = YES;
				CLANG_WARN_UNGUARDED_AVAILABILITY = YES_AGGRESSIVE;
				CLANG_WARN_UNREACHABLE_CODE = YES;
				CLANG_WARN__DUPLICATE_METHOD_MATCH = YES;
				COPY_PHASE_STRIP = NO;
				DEBUG_INFORMATION_FORMAT = "dwarf-with-dsym";
				ENABLE_NS_ASSERTIONS = NO;
				ENABLE_STRICT_OBJC_MSGSEND = YES;
				GCC_C_LANGUAGE_STANDARD = gnu11;
				GCC_NO_COMMON_BLOCKS = YES;
				GCC_WARN_64_TO_32_BIT_CONVERSION = YES;
				GCC_WARN_ABOUT_RETURN_TYPE = YES_ERROR;
				GCC_WARN_UNDECLARED_SELECTOR = YES;
				GCC_WARN_UNINITIALIZED_AUTOS = YES_AGGRESSIVE;
				GCC_WARN_UNUSED_FUNCTION = YES;
				GCC_WARN_UNUSED_VARIABLE = YES;
				IPHONEOS_DEPLOYMENT_TARGET = 16.2;
				MTL_ENABLE_DEBUG_INFO = NO;
				MTL_FAST_MATH = YES;
				SDKROOT = iphoneos;
				SWIFT_COMPILATION_MODE = wholemodule;
				SWIFT_OPTIMIZATION_LEVEL = "-O";
				VALIDATE_PRODUCT = YES;
			};
			name = Release;
		};
		41BE7BB2297FBE8D00CA3448 /* Debug */ = {
			isa = XCBuildConfiguration;
			buildSettings = {
				ASSETCATALOG_COMPILER_APPICON_NAME = AppIcon;
				ASSETCATALOG_COMPILER_GLOBAL_ACCENT_COLOR_NAME = AccentColor;
				CODE_SIGN_STYLE = Automatic;
				CURRENT_PROJECT_VERSION = 1;
				GENERATE_INFOPLIST_FILE = YES;
				INFOPLIST_FILE = CustomDesign/Info.plist;
				INFOPLIST_KEY_UIApplicationSupportsIndirectInputEvents = YES;
				INFOPLIST_KEY_UILaunchStoryboardName = LaunchScreen;
				INFOPLIST_KEY_UIMainStoryboardFile = Main;
				INFOPLIST_KEY_UISupportedInterfaceOrientations_iPad = "UIInterfaceOrientationPortrait UIInterfaceOrientationPortraitUpsideDown UIInterfaceOrientationLandscapeLeft UIInterfaceOrientationLandscapeRight";
				INFOPLIST_KEY_UISupportedInterfaceOrientations_iPhone = "UIInterfaceOrientationPortrait UIInterfaceOrientationLandscapeLeft UIInterfaceOrientationLandscapeRight";
				LD_RUNPATH_SEARCH_PATHS = (
					"$(inherited)",
					"@executable_path/Frameworks",
				);
				MARKETING_VERSION = 1.0;
				PRODUCT_BUNDLE_IDENTIFIER = COM.DEMO.CustomDesign;
				PRODUCT_NAME = "$(TARGET_NAME)";
				SWIFT_EMIT_LOC_STRINGS = YES;
				SWIFT_VERSION = 5.0;
				TARGETED_DEVICE_FAMILY = "1,2";
			};
			name = Debug;
		};
		41BE7BB3297FBE8D00CA3448 /* Release */ = {
			isa = XCBuildConfiguration;
			buildSettings = {
				ASSETCATALOG_COMPILER_APPICON_NAME = AppIcon;
				ASSETCATALOG_COMPILER_GLOBAL_ACCENT_COLOR_NAME = AccentColor;
				CODE_SIGN_STYLE = Automatic;
				CURRENT_PROJECT_VERSION = 1;
				GENERATE_INFOPLIST_FILE = YES;
				INFOPLIST_FILE = CustomDesign/Info.plist;
				INFOPLIST_KEY_UIApplicationSupportsIndirectInputEvents = YES;
				INFOPLIST_KEY_UILaunchStoryboardName = LaunchScreen;
				INFOPLIST_KEY_UIMainStoryboardFile = Main;
				INFOPLIST_KEY_UISupportedInterfaceOrientations_iPad = "UIInterfaceOrientationPortrait UIInterfaceOrientationPortraitUpsideDown UIInterfaceOrientationLandscapeLeft UIInterfaceOrientationLandscapeRight";
				INFOPLIST_KEY_UISupportedInterfaceOrientations_iPhone = "UIInterfaceOrientationPortrait UIInterfaceOrientationLandscapeLeft UIInterfaceOrientationLandscapeRight";
				LD_RUNPATH_SEARCH_PATHS = (
					"$(inherited)",
					"@executable_path/Frameworks",
				);
				MARKETING_VERSION = 1.0;
				PRODUCT_BUNDLE_IDENTIFIER = COM.DEMO.CustomDesign;
				PRODUCT_NAME = "$(TARGET_NAME)";
				SWIFT_EMIT_LOC_STRINGS = YES;
				SWIFT_VERSION = 5.0;
				TARGETED_DEVICE_FAMILY = "1,2";
			};
			name = Release;
		};
		41BE7BB5297FBE8D00CA3448 /* Debug */ = {
			isa = XCBuildConfiguration;
			buildSettings = {
				ALWAYS_EMBED_SWIFT_STANDARD_LIBRARIES = YES;
				BUNDLE_LOADER = "$(TEST_HOST)";
				CODE_SIGN_STYLE = Automatic;
				CURRENT_PROJECT_VERSION = 1;
				GENERATE_INFOPLIST_FILE = YES;
				IPHONEOS_DEPLOYMENT_TARGET = 16.2;
				MARKETING_VERSION = 1.0;
				PRODUCT_BUNDLE_IDENTIFIER = COM.DEMO.CustomDesignTests;
				PRODUCT_NAME = "$(TARGET_NAME)";
				SWIFT_EMIT_LOC_STRINGS = NO;
				SWIFT_VERSION = 5.0;
				TARGETED_DEVICE_FAMILY = "1,2";
				TEST_HOST = "$(BUILT_PRODUCTS_DIR)/CustomDesign.app/$(BUNDLE_EXECUTABLE_FOLDER_PATH)/CustomDesign";
			};
			name = Debug;
		};
		41BE7BB6297FBE8D00CA3448 /* Release */ = {
			isa = XCBuildConfiguration;
			buildSettings = {
				ALWAYS_EMBED_SWIFT_STANDARD_LIBRARIES = YES;
				BUNDLE_LOADER = "$(TEST_HOST)";
				CODE_SIGN_STYLE = Automatic;
				CURRENT_PROJECT_VERSION = 1;
				GENERATE_INFOPLIST_FILE = YES;
				IPHONEOS_DEPLOYMENT_TARGET = 16.2;
				MARKETING_VERSION = 1.0;
				PRODUCT_BUNDLE_IDENTIFIER = COM.DEMO.CustomDesignTests;
				PRODUCT_NAME = "$(TARGET_NAME)";
				SWIFT_EMIT_LOC_STRINGS = NO;
				SWIFT_VERSION = 5.0;
				TARGETED_DEVICE_FAMILY = "1,2";
				TEST_HOST = "$(BUILT_PRODUCTS_DIR)/CustomDesign.app/$(BUNDLE_EXECUTABLE_FOLDER_PATH)/CustomDesign";
			};
			name = Release;
		};
		41BE7BB8297FBE8D00CA3448 /* Debug */ = {
			isa = XCBuildConfiguration;
			buildSettings = {
				ALWAYS_EMBED_SWIFT_STANDARD_LIBRARIES = YES;
				CODE_SIGN_STYLE = Automatic;
				CURRENT_PROJECT_VERSION = 1;
				GENERATE_INFOPLIST_FILE = YES;
				MARKETING_VERSION = 1.0;
				PRODUCT_BUNDLE_IDENTIFIER = COM.DEMO.CustomDesignUITests;
				PRODUCT_NAME = "$(TARGET_NAME)";
				SWIFT_EMIT_LOC_STRINGS = NO;
				SWIFT_VERSION = 5.0;
				TARGETED_DEVICE_FAMILY = "1,2";
				TEST_TARGET_NAME = CustomDesign;
			};
			name = Debug;
		};
		41BE7BB9297FBE8D00CA3448 /* Release */ = {
			isa = XCBuildConfiguration;
			buildSettings = {
				ALWAYS_EMBED_SWIFT_STANDARD_LIBRARIES = YES;
				CODE_SIGN_STYLE = Automatic;
				CURRENT_PROJECT_VERSION = 1;
				GENERATE_INFOPLIST_FILE = YES;
				MARKETING_VERSION = 1.0;
				PRODUCT_BUNDLE_IDENTIFIER = COM.DEMO.CustomDesignUITests;
				PRODUCT_NAME = "$(TARGET_NAME)";
				SWIFT_EMIT_LOC_STRINGS = NO;
				SWIFT_VERSION = 5.0;
				TARGETED_DEVICE_FAMILY = "1,2";
				TEST_TARGET_NAME = CustomDesign;
			};
			name = Release;
		};
/* End XCBuildConfiguration section */

/* Begin XCConfigurationList section */
		41BE7B7F297FBE8C00CA3448 /* Build configuration list for PBXProject "CustomDesign" */ = {
			isa = XCConfigurationList;
			buildConfigurations = (
				41BE7BAF297FBE8D00CA3448 /* Debug */,
				41BE7BB0297FBE8D00CA3448 /* Release */,
			);
			defaultConfigurationIsVisible = 0;
			defaultConfigurationName = Release;
		};
		41BE7BB1297FBE8D00CA3448 /* Build configuration list for PBXNativeTarget "CustomDesign" */ = {
			isa = XCConfigurationList;
			buildConfigurations = (
				41BE7BB2297FBE8D00CA3448 /* Debug */,
				41BE7BB3297FBE8D00CA3448 /* Release */,
			);
			defaultConfigurationIsVisible = 0;
			defaultConfigurationName = Release;
		};
		41BE7BB4297FBE8D00CA3448 /* Build configuration list for PBXNativeTarget "CustomDesignTests" */ = {
			isa = XCConfigurationList;
			buildConfigurations = (
				41BE7BB5297FBE8D00CA3448 /* Debug */,
				41BE7BB6297FBE8D00CA3448 /* Release */,
			);
			defaultConfigurationIsVisible = 0;
			defaultConfigurationName = Release;
		};
		41BE7BB7297FBE8D00CA3448 /* Build configuration list for PBXNativeTarget "CustomDesignUITests" */ = {
			isa = XCConfigurationList;
			buildConfigurations = (
				41BE7BB8297FBE8D00CA3448 /* Debug */,
				41BE7BB9297FBE8D00CA3448 /* Release */,
			);
			defaultConfigurationIsVisible = 0;
			defaultConfigurationName = Release;
		};
/* End XCConfigurationList section */

/* Begin XCVersionGroup section */
		41BE7B90297FBE8C00CA3448 /* CustomDesign.xcdatamodeld */ = {
			isa = XCVersionGroup;
			children = (
				41BE7B91297FBE8C00CA3448 /* CustomDesign.xcdatamodel */,
			);
			currentVersion = 41BE7B91297FBE8C00CA3448 /* CustomDesign.xcdatamodel */;
			path = CustomDesign.xcdatamodeld;
			sourceTree = "<group>";
			versionGroupType = wrapper.xcdatamodel;
		};
/* End XCVersionGroup section */
	};
	rootObject = 41BE7B7C297FBE8C00CA3448 /* Project object */;
}
